// !$*UTF8*$!
{
	archiveVersion = 1;
	classes = {
	};
	objectVersion = 55;
	objects = {

/* Begin PBXBuildFile section */
		A4BBEFA928195D8000504B55 /* MyIdeaVC.swift in Sources */ = {isa = PBXBuildFile; fileRef = A4BBEFA828195D8000504B55 /* MyIdeaVC.swift */; };
		A4BBEFAB281971D300504B55 /* IdeasDataa.swift in Sources */ = {isa = PBXBuildFile; fileRef = A4BBEFAA281971D300504B55 /* IdeasDataa.swift */; };
		A4E79C522819585800A41DE1 /* IdeasTableView.swift in Sources */ = {isa = PBXBuildFile; fileRef = A4E79C512819585800A41DE1 /* IdeasTableView.swift */; };
		A4E79C562819591A00A41DE1 /* IdeasCell.swift in Sources */ = {isa = PBXBuildFile; fileRef = A4E79C552819591A00A41DE1 /* IdeasCell.swift */; };
		A4EBED56281950B8001D69BB /* AppDelegate.swift in Sources */ = {isa = PBXBuildFile; fileRef = A4EBED55281950B8001D69BB /* AppDelegate.swift */; };
		A4EBED58281950B8001D69BB /* SceneDelegate.swift in Sources */ = {isa = PBXBuildFile; fileRef = A4EBED57281950B8001D69BB /* SceneDelegate.swift */; };
		A4EBED5D281950B8001D69BB /* Main.storyboard in Resources */ = {isa = PBXBuildFile; fileRef = A4EBED5B281950B8001D69BB /* Main.storyboard */; };
		A4EBED60281950B8001D69BB /* ideaTimes2.xcdatamodeld in Sources */ = {isa = PBXBuildFile; fileRef = A4EBED5E281950B8001D69BB /* ideaTimes2.xcdatamodeld */; };
		A4EBED62281950B9001D69BB /* Assets.xcassets in Resources */ = {isa = PBXBuildFile; fileRef = A4EBED61281950B9001D69BB /* Assets.xcassets */; };
		A4EBED65281950B9001D69BB /* LaunchScreen.storyboard in Resources */ = {isa = PBXBuildFile; fileRef = A4EBED63281950B9001D69BB /* LaunchScreen.storyboard */; };
/* End PBXBuildFile section */

/* Begin PBXFileReference section */
		A4BBEFA828195D8000504B55 /* MyIdeaVC.swift */ = {isa = PBXFileReference; lastKnownFileType = sourcecode.swift; path = MyIdeaVC.swift; sourceTree = "<group>"; };
		A4BBEFAA281971D300504B55 /* IdeasDataa.swift */ = {isa = PBXFileReference; lastKnownFileType = sourcecode.swift; path = IdeasDataa.swift; sourceTree = "<group>"; };
		A4E79C512819585800A41DE1 /* IdeasTableView.swift */ = {isa = PBXFileReference; lastKnownFileType = sourcecode.swift; path = IdeasTableView.swift; sourceTree = "<group>"; };
		A4E79C552819591A00A41DE1 /* IdeasCell.swift */ = {isa = PBXFileReference; lastKnownFileType = sourcecode.swift; path = IdeasCell.swift; sourceTree = "<group>"; };
		A4EBED52281950B8001D69BB /* ideaTimes2.app */ = {isa = PBXFileReference; explicitFileType = wrapper.application; includeInIndex = 0; path = ideaTimes2.app; sourceTree = BUILT_PRODUCTS_DIR; };
		A4EBED55281950B8001D69BB /* AppDelegate.swift */ = {isa = PBXFileReference; lastKnownFileType = sourcecode.swift; path = AppDelegate.swift; sourceTree = "<group>"; };
		A4EBED57281950B8001D69BB /* SceneDelegate.swift */ = {isa = PBXFileReference; lastKnownFileType = sourcecode.swift; path = SceneDelegate.swift; sourceTree = "<group>"; };
		A4EBED5C281950B8001D69BB /* Base */ = {isa = PBXFileReference; lastKnownFileType = file.storyboard; name = Base; path = Base.lproj/Main.storyboard; sourceTree = "<group>"; };
		A4EBED5F281950B8001D69BB /* ideaTimes2.xcdatamodel */ = {isa = PBXFileReference; lastKnownFileType = wrapper.xcdatamodel; path = ideaTimes2.xcdatamodel; sourceTree = "<group>"; };
		A4EBED61281950B9001D69BB /* Assets.xcassets */ = {isa = PBXFileReference; lastKnownFileType = folder.assetcatalog; path = Assets.xcassets; sourceTree = "<group>"; };
		A4EBED64281950B9001D69BB /* Base */ = {isa = PBXFileReference; lastKnownFileType = file.storyboard; name = Base; path = Base.lproj/LaunchScreen.storyboard; sourceTree = "<group>"; };
		A4EBED66281950B9001D69BB /* Info.plist */ = {isa = PBXFileReference; lastKnownFileType = text.plist.xml; path = Info.plist; sourceTree = "<group>"; };
/* End PBXFileReference section */

/* Begin PBXFrameworksBuildPhase section */
		A4EBED4F281950B8001D69BB /* Frameworks */ = {
			isa = PBXFrameworksBuildPhase;
			buildActionMask = 2147483647;
			files = (
			);
			runOnlyForDeploymentPostprocessing = 0;
		};
/* End PBXFrameworksBuildPhase section */

/* Begin PBXGroup section */
		A4EBED49281950B8001D69BB = {
			isa = PBXGroup;
			children = (
				A4EBED54281950B8001D69BB /* ideaTimes2 */,
				A4EBED53281950B8001D69BB /* Products */,
			);
			sourceTree = "<group>";
		};
		A4EBED53281950B8001D69BB /* Products */ = {
			isa = PBXGroup;
			children = (
				A4EBED52281950B8001D69BB /* ideaTimes2.app */,
			);
			name = Products;
			sourceTree = "<group>";
		};
		A4EBED54281950B8001D69BB /* ideaTimes2 */ = {
			isa = PBXGroup;
			children = (
				A4EBED55281950B8001D69BB /* AppDelegate.swift */,
				A4EBED57281950B8001D69BB /* SceneDelegate.swift */,
				A4BBEFA828195D8000504B55 /* MyIdeaVC.swift */,
				A4E79C552819591A00A41DE1 /* IdeasCell.swift */,
				A4EBED5B281950B8001D69BB /* Main.storyboard */,
				A4E79C512819585800A41DE1 /* IdeasTableView.swift */,
				A4EBED61281950B9001D69BB /* Assets.xcassets */,
				A4EBED63281950B9001D69BB /* LaunchScreen.storyboard */,
				A4EBED66281950B9001D69BB /* Info.plist */,
				A4EBED5E281950B8001D69BB /* ideaTimes2.xcdatamodeld */,
				A4BBEFAA281971D300504B55 /* IdeasDataa.swift */,
			);
			path = ideaTimes2;
			sourceTree = "<group>";
		};
/* End PBXGroup section */

/* Begin PBXNativeTarget section */
		A4EBED51281950B8001D69BB /* ideaTimes2 */ = {
			isa = PBXNativeTarget;
			buildConfigurationList = A4EBED69281950B9001D69BB /* Build configuration list for PBXNativeTarget "ideaTimes2" */;
			buildPhases = (
				A4EBED4E281950B8001D69BB /* Sources */,
				A4EBED4F281950B8001D69BB /* Frameworks */,
				A4EBED50281950B8001D69BB /* Resources */,
			);
			buildRules = (
			);
			dependencies = (
			);
			name = ideaTimes2;
			productName = ideaTimes2;
			productReference = A4EBED52281950B8001D69BB /* ideaTimes2.app */;
			productType = "com.apple.product-type.application";
		};
/* End PBXNativeTarget section */

/* Begin PBXProject section */
		A4EBED4A281950B8001D69BB /* Project object */ = {
			isa = PBXProject;
			attributes = {
				BuildIndependentTargetsInParallel = 1;
				LastSwiftUpdateCheck = 1330;
				LastUpgradeCheck = 1330;
				TargetAttributes = {
					A4EBED51281950B8001D69BB = {
						CreatedOnToolsVersion = 13.3;
					};
				};
			};
			buildConfigurationList = A4EBED4D281950B8001D69BB /* Build configuration list for PBXProject "ideaTimes2" */;
			compatibilityVersion = "Xcode 13.0";
			developmentRegion = en;
			hasScannedForEncodings = 0;
			knownRegions = (
				en,
				Base,
			);
			mainGroup = A4EBED49281950B8001D69BB;
			productRefGroup = A4EBED53281950B8001D69BB /* Products */;
			projectDirPath = "";
			projectRoot = "";
			targets = (
				A4EBED51281950B8001D69BB /* ideaTimes2 */,
			);
		};
/* End PBXProject section */

/* Begin PBXResourcesBuildPhase section */
		A4EBED50281950B8001D69BB /* Resources */ = {
			isa = PBXResourcesBuildPhase;
			buildActionMask = 2147483647;
			files = (
				A4EBED65281950B9001D69BB /* LaunchScreen.storyboard in Resources */,
				A4EBED62281950B9001D69BB /* Assets.xcassets in Resources */,
				A4EBED5D281950B8001D69BB /* Main.storyboard in Resources */,
			);
			runOnlyForDeploymentPostprocessing = 0;
		};
/* End PBXResourcesBuildPhase section */

/* Begin PBXSourcesBuildPhase section */
		A4EBED4E281950B8001D69BB /* Sources */ = {
			isa = PBXSourcesBuildPhase;
			buildActionMask = 2147483647;
			files = (
				A4E79C562819591A00A41DE1 /* IdeasCell.swift in Sources */,
				A4EBED56281950B8001D69BB /* AppDelegate.swift in Sources */,
				A4BBEFAB281971D300504B55 /* IdeasDataa.swift in Sources */,
				A4EBED60281950B8001D69BB /* ideaTimes2.xcdatamodeld in Sources */,
				A4EBED58281950B8001D69BB /* SceneDelegate.swift in Sources */,
				A4BBEFA928195D8000504B55 /* MyIdeaVC.swift in Sources */,
				A4E79C522819585800A41DE1 /* IdeasTableView.swift in Sources */,
			);
			runOnlyForDeploymentPostprocessing = 0;
		};
/* End PBXSourcesBuildPhase section */

/* Begin PBXVariantGroup section */
		A4EBED5B281950B8001D69BB /* Main.storyboard */ = {
			isa = PBXVariantGroup;
			children = (
				A4EBED5C281950B8001D69BB /* Base */,
			);
			name = Main.storyboard;
			sourceTree = "<group>";
		};
		A4EBED63281950B9001D69BB /* LaunchScreen.storyboard */ = {
			isa = PBXVariantGroup;
			children = (
				A4EBED64281950B9001D69BB /* Base */,
			);
			name = LaunchScreen.storyboard;
			sourceTree = "<group>";
		};
/* End PBXVariantGroup section */

/* Begin XCBuildConfiguration section */
		A4EBED67281950B9001D69BB /* Debug */ = {
			isa = XCBuildConfiguration;
			buildSettings = {
				ALWAYS_SEARCH_USER_PATHS = NO;
				CLANG_ANALYZER_NONNULL = YES;
				CLANG_ANALYZER_NUMBER_OBJECT_CONVERSION = YES_AGGRESSIVE;
				CLANG_CXX_LANGUAGE_STANDARD = "gnu++17";
				CLANG_ENABLE_MODULES = YES;
				CLANG_ENABLE_OBJC_ARC = YES;
				CLANG_ENABLE_OBJC_WEAK = YES;
				CLANG_WARN_BLOCK_CAPTURE_AUTORELEASING = YES;
				CLANG_WARN_BOOL_CONVERSION = YES;
				CLANG_WARN_COMMA = YES;
				CLANG_WARN_CONSTANT_CONVERSION = YES;
				CLANG_WARN_DEPRECATED_OBJC_IMPLEMENTATIONS = YES;
				CLANG_WARN_DIRECT_OBJC_ISA_USAGE = YES_ERROR;
				CLANG_WARN_DOCUMENTATION_COMMENTS = YES;
				CLANG_WARN_EMPTY_BODY = YES;
				CLANG_WARN_ENUM_CONVERSION = YES;
				CLANG_WARN_INFINITE_RECURSION = YES;
				CLANG_WARN_INT_CONVERSION = YES;
				CLANG_WARN_NON_LITERAL_NULL_CONVERSION = YES;
				CLANG_WARN_OBJC_IMPLICIT_RETAIN_SELF = YES;
				CLANG_WARN_OBJC_LITERAL_CONVERSION = YES;
				CLANG_WARN_OBJC_ROOT_CLASS = YES_ERROR;
				CLANG_WARN_QUOTED_INCLUDE_IN_FRAMEWORK_HEADER = YES;
				CLANG_WARN_RANGE_LOOP_ANALYSIS = YES;
				CLANG_WARN_STRICT_PROTOTYPES = YES;
				CLANG_WARN_SUSPICIOUS_MOVE = YES;
				CLANG_WARN_UNGUARDED_AVAILABILITY = YES_AGGRESSIVE;
				CLANG_WARN_UNREACHABLE_CODE = YES;
				CLANG_WARN__DUPLICATE_METHOD_MATCH = YES;
				COPY_PHASE_STRIP = NO;
				DEBUG_INFORMATION_FORMAT = dwarf;
				ENABLE_STRICT_OBJC_MSGSEND = YES;
				ENABLE_TESTABILITY = YES;
				GCC_C_LANGUAGE_STANDARD = gnu11;
				GCC_DYNAMIC_NO_PIC = NO;
				GCC_NO_COMMON_BLOCKS = YES;
				GCC_OPTIMIZATION_LEVEL = 0;
				GCC_PREPROCESSOR_DEFINITIONS = (
					"DEBUG=1",
					"$(inherited)",
				);
				GCC_WARN_64_TO_32_BIT_CONVERSION = YES;
				GCC_WARN_ABOUT_RETURN_TYPE = YES_ERROR;
				GCC_WARN_UNDECLARED_SELECTOR = YES;
				GCC_WARN_UNINITIALIZED_AUTOS = YES_AGGRESSIVE;
				GCC_WARN_UNUSED_FUNCTION = YES;
				GCC_WARN_UNUSED_VARIABLE = YES;
				IPHONEOS_DEPLOYMENT_TARGET = 15.4;
				MTL_ENABLE_DEBUG_INFO = INCLUDE_SOURCE;
				MTL_FAST_MATH = YES;
				ONLY_ACTIVE_ARCH = YES;
				SDKROOT = iphoneos;
				SWIFT_ACTIVE_COMPILATION_CONDITIONS = DEBUG;
				SWIFT_OPTIMIZATION_LEVEL = "-Onone";
			};
			name = Debug;
		};
		A4EBED68281950B9001D69BB /* Release */ = {
			isa = XCBuildConfiguration;
			buildSettings = {
				ALWAYS_SEARCH_USER_PATHS = NO;
				CLANG_ANALYZER_NONNULL = YES;
				CLANG_ANALYZER_NUMBER_OBJECT_CONVERSION = YES_AGGRESSIVE;
				CLANG_CXX_LANGUAGE_STANDARD = "gnu++17";
				CLANG_ENABLE_MODULES = YES;
				CLANG_ENABLE_OBJC_ARC = YES;
				CLANG_ENABLE_OBJC_WEAK = YES;
				CLANG_WARN_BLOCK_CAPTURE_AUTORELEASING = YES;
				CLANG_WARN_BOOL_CONVERSION = YES;
				CLANG_WARN_COMMA = YES;
				CLANG_WARN_CONSTANT_CONVERSION = YES;
				CLANG_WARN_DEPRECATED_OBJC_IMPLEMENTATIONS = YES;
				CLANG_WARN_DIRECT_OBJC_ISA_USAGE = YES_ERROR;
				CLANG_WARN_DOCUMENTATION_COMMENTS = YES;
				CLANG_WARN_EMPTY_BODY = YES;
				CLANG_WARN_ENUM_CONVERSION = YES;
				CLANG_WARN_INFINITE_RECURSION = YES;
				CLANG_WARN_INT_CONVERSION = YES;
				CLANG_WARN_NON_LITERAL_NULL_CONVERSION = YES;
				CLANG_WARN_OBJC_IMPLICIT_RETAIN_SELF = YES;
				CLANG_WARN_OBJC_LITERAL_CONVERSION = YES;
				CLANG_WARN_OBJC_ROOT_CLASS = YES_ERROR;
				CLANG_WARN_QUOTED_INCLUDE_IN_FRAMEWORK_HEADER = YES;
				CLANG_WARN_RANGE_LOOP_ANALYSIS = YES;
				CLANG_WARN_STRICT_PROTOTYPES = YES;
				CLANG_WARN_SUSPICIOUS_MOVE = YES;
				CLANG_WARN_UNGUARDED_AVAILABILITY = YES_AGGRESSIVE;
				CLANG_WARN_UNREACHABLE_CODE = YES;
				CLANG_WARN__DUPLICATE_METHOD_MATCH = YES;
				COPY_PHASE_STRIP = NO;
				DEBUG_INFORMATION_FORMAT = "dwarf-with-dsym";
				ENABLE_NS_ASSERTIONS = NO;
				ENABLE_STRICT_OBJC_MSGSEND = YES;
				GCC_C_LANGUAGE_STANDARD = gnu11;
				GCC_NO_COMMON_BLOCKS = YES;
				GCC_WARN_64_TO_32_BIT_CONVERSION = YES;
				GCC_WARN_ABOUT_RETURN_TYPE = YES_ERROR;
				GCC_WARN_UNDECLARED_SELECTOR = YES;
				GCC_WARN_UNINITIALIZED_AUTOS = YES_AGGRESSIVE;
				GCC_WARN_UNUSED_FUNCTION = YES;
				GCC_WARN_UNUSED_VARIABLE = YES;
				IPHONEOS_DEPLOYMENT_TARGET = 15.4;
				MTL_ENABLE_DEBUG_INFO = NO;
				MTL_FAST_MATH = YES;
				SDKROOT = iphoneos;
				SWIFT_COMPILATION_MODE = wholemodule;
				SWIFT_OPTIMIZATION_LEVEL = "-O";
				VALIDATE_PRODUCT = YES;
			};
			name = Release;
		};
		A4EBED6A281950B9001D69BB /* Debug */ = {
			isa = XCBuildConfiguration;
			buildSettings = {
				ASSETCATALOG_COMPILER_APPICON_NAME = AppIcon;
				ASSETCATALOG_COMPILER_GLOBAL_ACCENT_COLOR_NAME = AccentColor;
				CODE_SIGN_STYLE = Automatic;
				CURRENT_PROJECT_VERSION = 1;
				DEVELOPMENT_TEAM = BQD2U9363F;
				GENERATE_INFOPLIST_FILE = YES;
				INFOPLIST_FILE = ideaTimes2/Info.plist;
				INFOPLIST_KEY_CFBundleDisplayName = IdeaTimes;
				INFOPLIST_KEY_UIApplicationSupportsIndirectInputEvents = YES;
				INFOPLIST_KEY_UILaunchStoryboardName = LaunchScreen;
				INFOPLIST_KEY_UIMainStoryboardFile = Main;
				INFOPLIST_KEY_UISupportedInterfaceOrientations_iPad = "UIInterfaceOrientationPortrait UIInterfaceOrientationPortraitUpsideDown UIInterfaceOrientationLandscapeLeft UIInterfaceOrientationLandscapeRight";
				INFOPLIST_KEY_UISupportedInterfaceOrientations_iPhone = "UIInterfaceOrientationPortrait UIInterfaceOrientationLandscapeLeft UIInterfaceOrientationLandscapeRight";
				LD_RUNPATH_SEARCH_PATHS = (
					"$(inherited)",
					"@executable_path/Frameworks",
				);
				MARKETING_VERSION = 1.0;
				PRODUCT_BUNDLE_IDENTIFIER = com.AppleDeveloperAcademyBinus.ideaTimes2;
				PRODUCT_NAME = "$(TARGET_NAME)";
				SWIFT_EMIT_LOC_STRINGS = YES;
				SWIFT_VERSION = 5.0;
				TARGETED_DEVICE_FAMILY = "1,2";
			};
			name = Debug;
		};
		A4EBED6B281950B9001D69BB /* Release */ = {
			isa = XCBuildConfiguration;
			buildSettings = {
				ASSETCATALOG_COMPILER_APPICON_NAME = AppIcon;
				ASSETCATALOG_COMPILER_GLOBAL_ACCENT_COLOR_NAME = AccentColor;
				CODE_SIGN_STYLE = Automatic;
				CURRENT_PROJECT_VERSION = 1;
				DEVELOPMENT_TEAM = BQD2U9363F;
				GENERATE_INFOPLIST_FILE = YES;
				INFOPLIST_FILE = ideaTimes2/Info.plist;
				INFOPLIST_KEY_CFBundleDisplayName = IdeaTimes;
				INFOPLIST_KEY_UIApplicationSupportsIndirectInputEvents = YES;
				INFOPLIST_KEY_UILaunchStoryboardName = LaunchScreen;
				INFOPLIST_KEY_UIMainStoryboardFile = Main;
				INFOPLIST_KEY_UISupportedInterfaceOrientations_iPad = "UIInterfaceOrientationPortrait UIInterfaceOrientationPortraitUpsideDown UIInterfaceOrientationLandscapeLeft UIInterfaceOrientationLandscapeRight";
				INFOPLIST_KEY_UISupportedInterfaceOrientations_iPhone = "UIInterfaceOrientationPortrait UIInterfaceOrientationLandscapeLeft UIInterfaceOrientationLandscapeRight";
				LD_RUNPATH_SEARCH_PATHS = (
					"$(inherited)",
					"@executable_path/Frameworks",
				);
				MARKETING_VERSION = 1.0;
				PRODUCT_BUNDLE_IDENTIFIER = com.AppleDeveloperAcademyBinus.ideaTimes2;
				PRODUCT_NAME = "$(TARGET_NAME)";
				SWIFT_EMIT_LOC_STRINGS = YES;
				SWIFT_VERSION = 5.0;
				TARGETED_DEVICE_FAMILY = "1,2";
			};
			name = Release;
		};
/* End XCBuildConfiguration section */

/* Begin XCConfigurationList section */
		A4EBED4D281950B8001D69BB /* Build configuration list for PBXProject "ideaTimes2" */ = {
			isa = XCConfigurationList;
			buildConfigurations = (
				A4EBED67281950B9001D69BB /* Debug */,
				A4EBED68281950B9001D69BB /* Release */,
			);
			defaultConfigurationIsVisible = 0;
			defaultConfigurationName = Release;
		};
		A4EBED69281950B9001D69BB /* Build configuration list for PBXNativeTarget "ideaTimes2" */ = {
			isa = XCConfigurationList;
			buildConfigurations = (
				A4EBED6A281950B9001D69BB /* Debug */,
				A4EBED6B281950B9001D69BB /* Release */,
			);
			defaultConfigurationIsVisible = 0;
			defaultConfigurationName = Release;
		};
/* End XCConfigurationList section */

/* Begin XCVersionGroup section */
		A4EBED5E281950B8001D69BB /* ideaTimes2.xcdatamodeld */ = {
			isa = XCVersionGroup;
			children = (
				A4EBED5F281950B8001D69BB /* ideaTimes2.xcdatamodel */,
			);
			currentVersion = A4EBED5F281950B8001D69BB /* ideaTimes2.xcdatamodel */;
			path = ideaTimes2.xcdatamodeld;
			sourceTree = "<group>";
			versionGroupType = wrapper.xcdatamodel;
		};
/* End XCVersionGroup section */
	};
	rootObject = A4EBED4A281950B8001D69BB /* Project object */;
}
